// !$*UTF8*$!
{
	archiveVersion = 1;
	classes = {
	};
	objectVersion = 46;
	objects = {

/* Begin PBXBuildFile section */
		227CB7CC1CE9AC4E0045B1CF /* ConfigureTableViewController.swift in Sources */ = {isa = PBXBuildFile; fileRef = 227CB7CB1CE9AC4E0045B1CF /* ConfigureTableViewController.swift */; };
		227CB7CE1CE9AC7B0045B1CF /* EditViewController.swift in Sources */ = {isa = PBXBuildFile; fileRef = 227CB7CD1CE9AC7B0045B1CF /* EditViewController.swift */; };
		227CB7D01CE9ACAA0045B1CF /* ImagePickerViewController.swift in Sources */ = {isa = PBXBuildFile; fileRef = 227CB7CF1CE9ACAA0045B1CF /* ImagePickerViewController.swift */; };
		227CB7D21CE9B1230045B1CF /* UserInfo.swift in Sources */ = {isa = PBXBuildFile; fileRef = 227CB7D11CE9B1230045B1CF /* UserInfo.swift */; };
		74002CBE1CAD5DD70065D5EB /* Zhihu.swift in Sources */ = {isa = PBXBuildFile; fileRef = 74002CBD1CAD5DD70065D5EB /* Zhihu.swift */; };
		74002CC11CAEA91F0065D5EB /* LoginViewController.swift in Sources */ = {isa = PBXBuildFile; fileRef = 74002CC01CAEA91F0065D5EB /* LoginViewController.swift */; };
		74002CC31CAEA9640065D5EB /* Login.storyboard in Resources */ = {isa = PBXBuildFile; fileRef = 74002CC21CAEA9640065D5EB /* Login.storyboard */; };
		740B00EC1C9191F000E6ABD0 /* AppDelegate.swift in Sources */ = {isa = PBXBuildFile; fileRef = 740B00EB1C9191F000E6ABD0 /* AppDelegate.swift */; };
		740B00EE1C9191F000E6ABD0 /* ViewController.swift in Sources */ = {isa = PBXBuildFile; fileRef = 740B00ED1C9191F000E6ABD0 /* ViewController.swift */; };
		740B00F11C9191F000E6ABD0 /* Main.storyboard in Resources */ = {isa = PBXBuildFile; fileRef = 740B00EF1C9191F000E6ABD0 /* Main.storyboard */; };
		740B00F31C9191F000E6ABD0 /* Assets.xcassets in Resources */ = {isa = PBXBuildFile; fileRef = 740B00F21C9191F000E6ABD0 /* Assets.xcassets */; };
		740B00F61C9191F000E6ABD0 /* LaunchScreen.storyboard in Resources */ = {isa = PBXBuildFile; fileRef = 740B00F41C9191F000E6ABD0 /* LaunchScreen.storyboard */; };
		740B01011C9191F000E6ABD0 /* NotLonely_iOSTests.swift in Sources */ = {isa = PBXBuildFile; fileRef = 740B01001C9191F000E6ABD0 /* NotLonely_iOSTests.swift */; };
		740B010C1C9191F000E6ABD0 /* NotLonely_iOSUITests.swift in Sources */ = {isa = PBXBuildFile; fileRef = 740B010B1C9191F000E6ABD0 /* NotLonely_iOSUITests.swift */; };
		740B01661C9565E900E6ABD0 /* NNUrl.swift in Sources */ = {isa = PBXBuildFile; fileRef = 740B01651C9565E900E6ABD0 /* NNUrl.swift */; };
		740B01681C9566A100E6ABD0 /* NNNetWork.swift in Sources */ = {isa = PBXBuildFile; fileRef = 740B01671C9566A100E6ABD0 /* NNNetWork.swift */; };
		74163C9A1CA2B311009BBCE5 /* SegueViewController.swift in Sources */ = {isa = PBXBuildFile; fileRef = 74163C991CA2B311009BBCE5 /* SegueViewController.swift */; };
		74163C9C1CA2B336009BBCE5 /* BaseViewController.swift in Sources */ = {isa = PBXBuildFile; fileRef = 74163C9B1CA2B336009BBCE5 /* BaseViewController.swift */; };
		74163CAB1CA3DDA6009BBCE5 /* HomeViewController.swift in Sources */ = {isa = PBXBuildFile; fileRef = 74163CAA1CA3DDA6009BBCE5 /* HomeViewController.swift */; };
		74163CAF1CA3DDDF009BBCE5 /* Publish.storyboard in Resources */ = {isa = PBXBuildFile; fileRef = 74163CAE1CA3DDDF009BBCE5 /* Publish.storyboard */; };
		74163CB11CA3DDE6009BBCE5 /* Find.storyboard in Resources */ = {isa = PBXBuildFile; fileRef = 74163CB01CA3DDE6009BBCE5 /* Find.storyboard */; };
		74163CB31CA3DDEC009BBCE5 /* Msg.storyboard in Resources */ = {isa = PBXBuildFile; fileRef = 74163CB21CA3DDEC009BBCE5 /* Msg.storyboard */; };
		74163CB51CA3DDF1009BBCE5 /* My.storyboard in Resources */ = {isa = PBXBuildFile; fileRef = 74163CB41CA3DDF1009BBCE5 /* My.storyboard */; };
		74163CB71CA3DE02009BBCE5 /* PublishViewController.swift in Sources */ = {isa = PBXBuildFile; fileRef = 74163CB61CA3DE02009BBCE5 /* PublishViewController.swift */; };
		74163CB91CA3DE18009BBCE5 /* FindViewController.swift in Sources */ = {isa = PBXBuildFile; fileRef = 74163CB81CA3DE18009BBCE5 /* FindViewController.swift */; };
		74163CBB1CA3DE1E009BBCE5 /* MsgViewController.swift in Sources */ = {isa = PBXBuildFile; fileRef = 74163CBA1CA3DE1E009BBCE5 /* MsgViewController.swift */; };
		74163CBD1CA3DE25009BBCE5 /* MyViewController.swift in Sources */ = {isa = PBXBuildFile; fileRef = 74163CBC1CA3DE25009BBCE5 /* MyViewController.swift */; };
		74163CC31CA78A94009BBCE5 /* ExampleViewController.swift in Sources */ = {isa = PBXBuildFile; fileRef = 74163CC21CA78A94009BBCE5 /* ExampleViewController.swift */; };
		74163CC51CA78AAD009BBCE5 /* Example.storyboard in Resources */ = {isa = PBXBuildFile; fileRef = 74163CC41CA78AAD009BBCE5 /* Example.storyboard */; };
		74163CCB1CA7A66F009BBCE5 /* Intro.storyboard in Resources */ = {isa = PBXBuildFile; fileRef = 74163CCA1CA7A66F009BBCE5 /* Intro.storyboard */; };
		74163CCF1CA7BD85009BBCE5 /* ExampleTableViewController.swift in Sources */ = {isa = PBXBuildFile; fileRef = 74163CCE1CA7BD85009BBCE5 /* ExampleTableViewController.swift */; };
		74163CD21CA7C086009BBCE5 /* NNViewModel.swift in Sources */ = {isa = PBXBuildFile; fileRef = 74163CD11CA7C086009BBCE5 /* NNViewModel.swift */; };
		74163CD41CA7C0B0009BBCE5 /* ExampleViewModel.swift in Sources */ = {isa = PBXBuildFile; fileRef = 74163CD31CA7C0B0009BBCE5 /* ExampleViewModel.swift */; };
		741975761C996BFB00CDC5B1 /* NSObject+Common.swift in Sources */ = {isa = PBXBuildFile; fileRef = 741975751C996BFB00CDC5B1 /* NSObject+Common.swift */; };
		741975781C99895300CDC5B1 /* String+Extension.swift in Sources */ = {isa = PBXBuildFile; fileRef = 741975771C99895300CDC5B1 /* String+Extension.swift */; };
		74333ABA1CB0C68000FE2099 /* CALayer+Extension.swift in Sources */ = {isa = PBXBuildFile; fileRef = 74333AB91CB0C68000FE2099 /* CALayer+Extension.swift */; };
		74333ABC1CB0C77600FE2099 /* UIColor+NL.swift in Sources */ = {isa = PBXBuildFile; fileRef = 74333ABB1CB0C77600FE2099 /* UIColor+NL.swift */; };
		74333ABE1CB0C7A100FE2099 /* NLTabBar.swift in Sources */ = {isa = PBXBuildFile; fileRef = 74333ABD1CB0C7A100FE2099 /* NLTabBar.swift */; };
		74333AC01CB0C7E000FE2099 /* NLTabBarController.swift in Sources */ = {isa = PBXBuildFile; fileRef = 74333ABF1CB0C7E000FE2099 /* NLTabBarController.swift */; };
		74333AC21CB0DBD300FE2099 /* InputTextField.swift in Sources */ = {isa = PBXBuildFile; fileRef = 74333AC11CB0DBD300FE2099 /* InputTextField.swift */; };
		74333AC61CB1373E00FE2099 /* UIViewController+Extension.swift in Sources */ = {isa = PBXBuildFile; fileRef = 74333AC51CB1373E00FE2099 /* UIViewController+Extension.swift */; };
		74333ACC1CB23DA300FE2099 /* UINavigationBar+Extension.swift in Sources */ = {isa = PBXBuildFile; fileRef = 74333ACB1CB23DA200FE2099 /* UINavigationBar+Extension.swift */; };
		74333AD21CB3CEE300FE2099 /* Home.storyboard in Resources */ = {isa = PBXBuildFile; fileRef = 74333AD11CB3CEE300FE2099 /* Home.storyboard */; };
		74333AD41CB400EC00FE2099 /* NLNavigationController.swift in Sources */ = {isa = PBXBuildFile; fileRef = 74333AD31CB400EC00FE2099 /* NLNavigationController.swift */; };
		74333AD61CB5166500FE2099 /* ActivityViewController.swift in Sources */ = {isa = PBXBuildFile; fileRef = 74333AD51CB5166500FE2099 /* ActivityViewController.swift */; };
		74333AD81CB5167C00FE2099 /* CircleViewController.swift in Sources */ = {isa = PBXBuildFile; fileRef = 74333AD71CB5167C00FE2099 /* CircleViewController.swift */; };
		74333ADB1CB51C7200FE2099 /* ActivityCell.swift in Sources */ = {isa = PBXBuildFile; fileRef = 74333ADA1CB51C7200FE2099 /* ActivityCell.swift */; };
		743890091CD0AF5D00DB8329 /* RegisterViewController.swift in Sources */ = {isa = PBXBuildFile; fileRef = 743890081CD0AF5D00DB8329 /* RegisterViewController.swift */; };
		743890141CD20D2F00DB8329 /* LoginViewModel.swift in Sources */ = {isa = PBXBuildFile; fileRef = 743890131CD20D2F00DB8329 /* LoginViewModel.swift */; };
		743890181CD20D9C00DB8329 /* PageMenuView.swift in Sources */ = {isa = PBXBuildFile; fileRef = 743890161CD20D9C00DB8329 /* PageMenuView.swift */; };
		743890191CD20D9C00DB8329 /* PageViewController.swift in Sources */ = {isa = PBXBuildFile; fileRef = 743890171CD20D9C00DB8329 /* PageViewController.swift */; };
		7438901C1CD20DDC00DB8329 /* LoginModel.swift in Sources */ = {isa = PBXBuildFile; fileRef = 7438901B1CD20DDC00DB8329 /* LoginModel.swift */; };
		7438901F1CD20FE400DB8329 /* NLLog.swift in Sources */ = {isa = PBXBuildFile; fileRef = 7438901E1CD20FE400DB8329 /* NLLog.swift */; };
		74651D0C1CBA04F9001125AB /* ActivityDetailViewController.swift in Sources */ = {isa = PBXBuildFile; fileRef = 74651D0B1CBA04F9001125AB /* ActivityDetailViewController.swift */; };
		74651D0E1CBA050C001125AB /* CircleDetailViewController.swift in Sources */ = {isa = PBXBuildFile; fileRef = 74651D0D1CBA050C001125AB /* CircleDetailViewController.swift */; };
		74651D101CBA0E1A001125AB /* CircleCell.swift in Sources */ = {isa = PBXBuildFile; fileRef = 74651D0F1CBA0E1A001125AB /* CircleCell.swift */; };
		747712821CE0904B00B1E495 /* RegisterViewModel.swift in Sources */ = {isa = PBXBuildFile; fileRef = 747712811CE0904B00B1E495 /* RegisterViewModel.swift */; };
		7477128C1CE0983700B1E495 /* Protocol.swift in Sources */ = {isa = PBXBuildFile; fileRef = 7477128B1CE0983700B1E495 /* Protocol.swift */; };
		7477128E1CE0984400B1E495 /* RegisterModel.swift in Sources */ = {isa = PBXBuildFile; fileRef = 7477128D1CE0984400B1E495 /* RegisterModel.swift */; };
		747712901CE0995500B1E495 /* Implementations.swift in Sources */ = {isa = PBXBuildFile; fileRef = 7477128F1CE0995500B1E495 /* Implementations.swift */; };
		747712921CE1D28D00B1E495 /* NLNotice.swift in Sources */ = {isa = PBXBuildFile; fileRef = 747712911CE1D28D00B1E495 /* NLNotice.swift */; };
		749A7DDA1CBA5B5900232104 /* InterestPeopleCell.swift in Sources */ = {isa = PBXBuildFile; fileRef = 749A7DD91CBA5B5900232104 /* InterestPeopleCell.swift */; };
		749A7DDC1CBA5B6600232104 /* InterestCircleCell.swift in Sources */ = {isa = PBXBuildFile; fileRef = 749A7DDB1CBA5B6600232104 /* InterestCircleCell.swift */; };
		74D0AC591CBC8F8C00126706 /* InviteInfCell.swift in Sources */ = {isa = PBXBuildFile; fileRef = 74D0AC581CBC8F8C00126706 /* InviteInfCell.swift */; };
		74D0AC5B1CBC8FA900126706 /* MyFollowCell.swift in Sources */ = {isa = PBXBuildFile; fileRef = 74D0AC5A1CBC8FA900126706 /* MyFollowCell.swift */; };
		74D0AC5F1CBC8FF300126706 /* LikeCell.swift in Sources */ = {isa = PBXBuildFile; fileRef = 74D0AC5E1CBC8FF300126706 /* LikeCell.swift */; };
		74D0AC611CBCD40900126706 /* InviteInfViewController.swift in Sources */ = {isa = PBXBuildFile; fileRef = 74D0AC601CBCD40900126706 /* InviteInfViewController.swift */; };
		74D0AC631CBCD41500126706 /* MyFollowViewController.swift in Sources */ = {isa = PBXBuildFile; fileRef = 74D0AC621CBCD41500126706 /* MyFollowViewController.swift */; };
		74D0AC651CBCD48F00126706 /* LikeViewController.swift in Sources */ = {isa = PBXBuildFile; fileRef = 74D0AC641CBCD48F00126706 /* LikeViewController.swift */; };
		74D0AD1B1CC4DE6400126706 /* UIView+Extension.swift in Sources */ = {isa = PBXBuildFile; fileRef = 74D0AD1A1CC4DE6400126706 /* UIView+Extension.swift */; };
		74D0AD1E1CC4E89F00126706 /* NLConfig.swift in Sources */ = {isa = PBXBuildFile; fileRef = 74D0AD1D1CC4E89F00126706 /* NLConfig.swift */; };
		74DD0F901CE3378600A04BF0 /* NLUserDefaults.swift in Sources */ = {isa = PBXBuildFile; fileRef = 74DD0F8F1CE3378500A04BF0 /* NLUserDefaults.swift */; };
		74DD0F921CE33BEF00A04BF0 /* NLApi+Extension.swift in Sources */ = {isa = PBXBuildFile; fileRef = 74DD0F911CE33BEF00A04BF0 /* NLApi+Extension.swift */; };
		74DD0F981CE4778000A04BF0 /* NLApi.swift in Sources */ = {isa = PBXBuildFile; fileRef = 74DD0F971CE4778000A04BF0 /* NLApi.swift */; };
		74DD0F9A1CE48E7800A04BF0 /* PublishTextField.swift in Sources */ = {isa = PBXBuildFile; fileRef = 74DD0F991CE48E7800A04BF0 /* PublishTextField.swift */; };
		74FE817F1CA8C465000A2984 /* Enum.swift in Sources */ = {isa = PBXBuildFile; fileRef = 74FE817E1CA8C465000A2984 /* Enum.swift */; };
		77D0F8302E66261469018050 /* Pods.framework in Frameworks */ = {isa = PBXBuildFile; fileRef = CE6B5FC692CCFC17397733F1 /* Pods.framework */; };
		FD7924F453CC69D39A4BD405 /* Pods_NotLonely_iOS.framework in Frameworks */ = {isa = PBXBuildFile; fileRef = C66C84083F84EFD3F494BFA9 /* Pods_NotLonely_iOS.framework */; };
/* End PBXBuildFile section */

/* Begin PBXContainerItemProxy section */
		740B00FD1C9191F000E6ABD0 /* PBXContainerItemProxy */ = {
			isa = PBXContainerItemProxy;
			containerPortal = 740B00E01C9191F000E6ABD0 /* Project object */;
			proxyType = 1;
			remoteGlobalIDString = 740B00E71C9191F000E6ABD0;
			remoteInfo = "NotLonely-iOS";
		};
		740B01081C9191F000E6ABD0 /* PBXContainerItemProxy */ = {
			isa = PBXContainerItemProxy;
			containerPortal = 740B00E01C9191F000E6ABD0 /* Project object */;
			proxyType = 1;
			remoteGlobalIDString = 740B00E71C9191F000E6ABD0;
			remoteInfo = "NotLonely-iOS";
		};
/* End PBXContainerItemProxy section */

/* Begin PBXFileReference section */
		227CB7CB1CE9AC4E0045B1CF /* ConfigureTableViewController.swift */ = {isa = PBXFileReference; fileEncoding = 4; lastKnownFileType = sourcecode.swift; path = ConfigureTableViewController.swift; sourceTree = "<group>"; };
		227CB7CD1CE9AC7B0045B1CF /* EditViewController.swift */ = {isa = PBXFileReference; fileEncoding = 4; lastKnownFileType = sourcecode.swift; path = EditViewController.swift; sourceTree = "<group>"; };
		227CB7CF1CE9ACAA0045B1CF /* ImagePickerViewController.swift */ = {isa = PBXFileReference; fileEncoding = 4; lastKnownFileType = sourcecode.swift; path = ImagePickerViewController.swift; sourceTree = "<group>"; };
		227CB7D11CE9B1230045B1CF /* UserInfo.swift */ = {isa = PBXFileReference; fileEncoding = 4; lastKnownFileType = sourcecode.swift; path = UserInfo.swift; sourceTree = "<group>"; };
		6B0DDC2552A2B031343A6E5D /* Pods.release.xcconfig */ = {isa = PBXFileReference; includeInIndex = 1; lastKnownFileType = text.xcconfig; name = Pods.release.xcconfig; path = "Pods/Target Support Files/Pods/Pods.release.xcconfig"; sourceTree = "<group>"; };
		6B88001402391CB561C4B13A /* Pods-NotLonely-iOS.release.xcconfig */ = {isa = PBXFileReference; includeInIndex = 1; lastKnownFileType = text.xcconfig; name = "Pods-NotLonely-iOS.release.xcconfig"; path = "Pods/Target Support Files/Pods-NotLonely-iOS/Pods-NotLonely-iOS.release.xcconfig"; sourceTree = "<group>"; };
		74002CBD1CAD5DD70065D5EB /* Zhihu.swift */ = {isa = PBXFileReference; fileEncoding = 4; lastKnownFileType = sourcecode.swift; path = Zhihu.swift; sourceTree = "<group>"; };
		74002CC01CAEA91F0065D5EB /* LoginViewController.swift */ = {isa = PBXFileReference; fileEncoding = 4; lastKnownFileType = sourcecode.swift; path = LoginViewController.swift; sourceTree = "<group>"; };
		74002CC21CAEA9640065D5EB /* Login.storyboard */ = {isa = PBXFileReference; fileEncoding = 4; lastKnownFileType = file.storyboard; path = Login.storyboard; sourceTree = "<group>"; };
		740B00E81C9191F000E6ABD0 /* NotLonely-iOS.app */ = {isa = PBXFileReference; explicitFileType = wrapper.application; includeInIndex = 0; path = "NotLonely-iOS.app"; sourceTree = BUILT_PRODUCTS_DIR; };
		740B00EB1C9191F000E6ABD0 /* AppDelegate.swift */ = {isa = PBXFileReference; lastKnownFileType = sourcecode.swift; path = AppDelegate.swift; sourceTree = "<group>"; };
		740B00ED1C9191F000E6ABD0 /* ViewController.swift */ = {isa = PBXFileReference; lastKnownFileType = sourcecode.swift; path = ViewController.swift; sourceTree = "<group>"; };
		740B00F01C9191F000E6ABD0 /* Base */ = {isa = PBXFileReference; lastKnownFileType = file.storyboard; name = Base; path = Base.lproj/Main.storyboard; sourceTree = "<group>"; };
		740B00F21C9191F000E6ABD0 /* Assets.xcassets */ = {isa = PBXFileReference; lastKnownFileType = folder.assetcatalog; path = Assets.xcassets; sourceTree = "<group>"; };
		740B00F51C9191F000E6ABD0 /* Base */ = {isa = PBXFileReference; lastKnownFileType = file.storyboard; name = Base; path = Base.lproj/LaunchScreen.storyboard; sourceTree = "<group>"; };
		740B00F71C9191F000E6ABD0 /* Info.plist */ = {isa = PBXFileReference; lastKnownFileType = text.plist.xml; path = Info.plist; sourceTree = "<group>"; };
		740B00FC1C9191F000E6ABD0 /* NotLonely-iOSTests.xctest */ = {isa = PBXFileReference; explicitFileType = wrapper.cfbundle; includeInIndex = 0; path = "NotLonely-iOSTests.xctest"; sourceTree = BUILT_PRODUCTS_DIR; };
		740B01001C9191F000E6ABD0 /* NotLonely_iOSTests.swift */ = {isa = PBXFileReference; lastKnownFileType = sourcecode.swift; path = NotLonely_iOSTests.swift; sourceTree = "<group>"; };
		740B01021C9191F000E6ABD0 /* Info.plist */ = {isa = PBXFileReference; lastKnownFileType = text.plist.xml; path = Info.plist; sourceTree = "<group>"; };
		740B01071C9191F000E6ABD0 /* NotLonely-iOSUITests.xctest */ = {isa = PBXFileReference; explicitFileType = wrapper.cfbundle; includeInIndex = 0; path = "NotLonely-iOSUITests.xctest"; sourceTree = BUILT_PRODUCTS_DIR; };
		740B010B1C9191F000E6ABD0 /* NotLonely_iOSUITests.swift */ = {isa = PBXFileReference; lastKnownFileType = sourcecode.swift; path = NotLonely_iOSUITests.swift; sourceTree = "<group>"; };
		740B010D1C9191F000E6ABD0 /* Info.plist */ = {isa = PBXFileReference; lastKnownFileType = text.plist.xml; path = Info.plist; sourceTree = "<group>"; };
		740B01651C9565E900E6ABD0 /* NNUrl.swift */ = {isa = PBXFileReference; fileEncoding = 4; lastKnownFileType = sourcecode.swift; path = NNUrl.swift; sourceTree = "<group>"; };
		740B01671C9566A100E6ABD0 /* NNNetWork.swift */ = {isa = PBXFileReference; fileEncoding = 4; lastKnownFileType = sourcecode.swift; path = NNNetWork.swift; sourceTree = "<group>"; };
		74163C991CA2B311009BBCE5 /* SegueViewController.swift */ = {isa = PBXFileReference; fileEncoding = 4; lastKnownFileType = sourcecode.swift; path = SegueViewController.swift; sourceTree = "<group>"; };
		74163C9B1CA2B336009BBCE5 /* BaseViewController.swift */ = {isa = PBXFileReference; fileEncoding = 4; lastKnownFileType = sourcecode.swift; path = BaseViewController.swift; sourceTree = "<group>"; };
		74163CAA1CA3DDA6009BBCE5 /* HomeViewController.swift */ = {isa = PBXFileReference; fileEncoding = 4; lastKnownFileType = sourcecode.swift; path = HomeViewController.swift; sourceTree = "<group>"; };
		74163CAE1CA3DDDF009BBCE5 /* Publish.storyboard */ = {isa = PBXFileReference; fileEncoding = 4; lastKnownFileType = file.storyboard; path = Publish.storyboard; sourceTree = "<group>"; };
		74163CB01CA3DDE6009BBCE5 /* Find.storyboard */ = {isa = PBXFileReference; fileEncoding = 4; lastKnownFileType = file.storyboard; path = Find.storyboard; sourceTree = "<group>"; };
		74163CB21CA3DDEC009BBCE5 /* Msg.storyboard */ = {isa = PBXFileReference; fileEncoding = 4; lastKnownFileType = file.storyboard; path = Msg.storyboard; sourceTree = "<group>"; };
		74163CB41CA3DDF1009BBCE5 /* My.storyboard */ = {isa = PBXFileReference; fileEncoding = 4; lastKnownFileType = file.storyboard; path = My.storyboard; sourceTree = "<group>"; };
		74163CB61CA3DE02009BBCE5 /* PublishViewController.swift */ = {isa = PBXFileReference; fileEncoding = 4; lastKnownFileType = sourcecode.swift; path = PublishViewController.swift; sourceTree = "<group>"; };
		74163CB81CA3DE18009BBCE5 /* FindViewController.swift */ = {isa = PBXFileReference; fileEncoding = 4; lastKnownFileType = sourcecode.swift; path = FindViewController.swift; sourceTree = "<group>"; };
		74163CBA1CA3DE1E009BBCE5 /* MsgViewController.swift */ = {isa = PBXFileReference; fileEncoding = 4; lastKnownFileType = sourcecode.swift; path = MsgViewController.swift; sourceTree = "<group>"; };
		74163CBC1CA3DE25009BBCE5 /* MyViewController.swift */ = {isa = PBXFileReference; fileEncoding = 4; lastKnownFileType = sourcecode.swift; path = MyViewController.swift; sourceTree = "<group>"; };
		74163CC21CA78A94009BBCE5 /* ExampleViewController.swift */ = {isa = PBXFileReference; fileEncoding = 4; lastKnownFileType = sourcecode.swift; path = ExampleViewController.swift; sourceTree = "<group>"; };
		74163CC41CA78AAD009BBCE5 /* Example.storyboard */ = {isa = PBXFileReference; fileEncoding = 4; lastKnownFileType = file.storyboard; path = Example.storyboard; sourceTree = "<group>"; };
		74163CCA1CA7A66F009BBCE5 /* Intro.storyboard */ = {isa = PBXFileReference; fileEncoding = 4; lastKnownFileType = file.storyboard; path = Intro.storyboard; sourceTree = "<group>"; };
		74163CCE1CA7BD85009BBCE5 /* ExampleTableViewController.swift */ = {isa = PBXFileReference; fileEncoding = 4; lastKnownFileType = sourcecode.swift; path = ExampleTableViewController.swift; sourceTree = "<group>"; };
		74163CD11CA7C086009BBCE5 /* NNViewModel.swift */ = {isa = PBXFileReference; fileEncoding = 4; lastKnownFileType = sourcecode.swift; path = NNViewModel.swift; sourceTree = "<group>"; };
		74163CD31CA7C0B0009BBCE5 /* ExampleViewModel.swift */ = {isa = PBXFileReference; fileEncoding = 4; lastKnownFileType = sourcecode.swift; path = ExampleViewModel.swift; sourceTree = "<group>"; };
		741975751C996BFB00CDC5B1 /* NSObject+Common.swift */ = {isa = PBXFileReference; fileEncoding = 4; lastKnownFileType = sourcecode.swift; path = "NSObject+Common.swift"; sourceTree = "<group>"; };
		741975771C99895300CDC5B1 /* String+Extension.swift */ = {isa = PBXFileReference; fileEncoding = 4; lastKnownFileType = sourcecode.swift; path = "String+Extension.swift"; sourceTree = "<group>"; };
		74333AB91CB0C68000FE2099 /* CALayer+Extension.swift */ = {isa = PBXFileReference; fileEncoding = 4; lastKnownFileType = sourcecode.swift; path = "CALayer+Extension.swift"; sourceTree = "<group>"; };
		74333ABB1CB0C77600FE2099 /* UIColor+NL.swift */ = {isa = PBXFileReference; fileEncoding = 4; lastKnownFileType = sourcecode.swift; path = "UIColor+NL.swift"; sourceTree = "<group>"; };
		74333ABD1CB0C7A100FE2099 /* NLTabBar.swift */ = {isa = PBXFileReference; fileEncoding = 4; lastKnownFileType = sourcecode.swift; path = NLTabBar.swift; sourceTree = "<group>"; };
		74333ABF1CB0C7E000FE2099 /* NLTabBarController.swift */ = {isa = PBXFileReference; fileEncoding = 4; lastKnownFileType = sourcecode.swift; path = NLTabBarController.swift; sourceTree = "<group>"; };
		74333AC11CB0DBD300FE2099 /* InputTextField.swift */ = {isa = PBXFileReference; fileEncoding = 4; lastKnownFileType = sourcecode.swift; path = InputTextField.swift; sourceTree = "<group>"; };
		74333AC51CB1373E00FE2099 /* UIViewController+Extension.swift */ = {isa = PBXFileReference; fileEncoding = 4; lastKnownFileType = sourcecode.swift; path = "UIViewController+Extension.swift"; sourceTree = "<group>"; };
		74333ACB1CB23DA200FE2099 /* UINavigationBar+Extension.swift */ = {isa = PBXFileReference; fileEncoding = 4; lastKnownFileType = sourcecode.swift; path = "UINavigationBar+Extension.swift"; sourceTree = "<group>"; };
		74333AD11CB3CEE300FE2099 /* Home.storyboard */ = {isa = PBXFileReference; fileEncoding = 4; lastKnownFileType = file.storyboard; path = Home.storyboard; sourceTree = "<group>"; };
		74333AD31CB400EC00FE2099 /* NLNavigationController.swift */ = {isa = PBXFileReference; fileEncoding = 4; lastKnownFileType = sourcecode.swift; path = NLNavigationController.swift; sourceTree = "<group>"; };
		74333AD51CB5166500FE2099 /* ActivityViewController.swift */ = {isa = PBXFileReference; fileEncoding = 4; lastKnownFileType = sourcecode.swift; path = ActivityViewController.swift; sourceTree = "<group>"; };
		74333AD71CB5167C00FE2099 /* CircleViewController.swift */ = {isa = PBXFileReference; fileEncoding = 4; lastKnownFileType = sourcecode.swift; path = CircleViewController.swift; sourceTree = "<group>"; };
		74333ADA1CB51C7200FE2099 /* ActivityCell.swift */ = {isa = PBXFileReference; fileEncoding = 4; lastKnownFileType = sourcecode.swift; path = ActivityCell.swift; sourceTree = "<group>"; };
		743890081CD0AF5D00DB8329 /* RegisterViewController.swift */ = {isa = PBXFileReference; fileEncoding = 4; lastKnownFileType = sourcecode.swift; path = RegisterViewController.swift; sourceTree = "<group>"; };
		743890131CD20D2F00DB8329 /* LoginViewModel.swift */ = {isa = PBXFileReference; fileEncoding = 4; lastKnownFileType = sourcecode.swift; path = LoginViewModel.swift; sourceTree = "<group>"; };
		743890161CD20D9C00DB8329 /* PageMenuView.swift */ = {isa = PBXFileReference; fileEncoding = 4; lastKnownFileType = sourcecode.swift; path = PageMenuView.swift; sourceTree = "<group>"; };
		743890171CD20D9C00DB8329 /* PageViewController.swift */ = {isa = PBXFileReference; fileEncoding = 4; lastKnownFileType = sourcecode.swift; path = PageViewController.swift; sourceTree = "<group>"; };
		7438901B1CD20DDC00DB8329 /* LoginModel.swift */ = {isa = PBXFileReference; fileEncoding = 4; lastKnownFileType = sourcecode.swift; path = LoginModel.swift; sourceTree = "<group>"; };
		7438901E1CD20FE400DB8329 /* NLLog.swift */ = {isa = PBXFileReference; fileEncoding = 4; lastKnownFileType = sourcecode.swift; path = NLLog.swift; sourceTree = "<group>"; };
		74651D0B1CBA04F9001125AB /* ActivityDetailViewController.swift */ = {isa = PBXFileReference; fileEncoding = 4; lastKnownFileType = sourcecode.swift; path = ActivityDetailViewController.swift; sourceTree = "<group>"; };
		74651D0D1CBA050C001125AB /* CircleDetailViewController.swift */ = {isa = PBXFileReference; fileEncoding = 4; lastKnownFileType = sourcecode.swift; path = CircleDetailViewController.swift; sourceTree = "<group>"; };
		74651D0F1CBA0E1A001125AB /* CircleCell.swift */ = {isa = PBXFileReference; fileEncoding = 4; lastKnownFileType = sourcecode.swift; path = CircleCell.swift; sourceTree = "<group>"; };
		747712811CE0904B00B1E495 /* RegisterViewModel.swift */ = {isa = PBXFileReference; fileEncoding = 4; lastKnownFileType = sourcecode.swift; path = RegisterViewModel.swift; sourceTree = "<group>"; };
		7477128A1CE0970100B1E495 /* NotLonely-Bridging-Header.h */ = {isa = PBXFileReference; lastKnownFileType = sourcecode.c.h; path = "NotLonely-Bridging-Header.h"; sourceTree = "<group>"; };
		7477128B1CE0983700B1E495 /* Protocol.swift */ = {isa = PBXFileReference; fileEncoding = 4; lastKnownFileType = sourcecode.swift; path = Protocol.swift; sourceTree = "<group>"; };
		7477128D1CE0984400B1E495 /* RegisterModel.swift */ = {isa = PBXFileReference; fileEncoding = 4; lastKnownFileType = sourcecode.swift; path = RegisterModel.swift; sourceTree = "<group>"; };
		7477128F1CE0995500B1E495 /* Implementations.swift */ = {isa = PBXFileReference; fileEncoding = 4; lastKnownFileType = sourcecode.swift; path = Implementations.swift; sourceTree = "<group>"; };
		747712911CE1D28D00B1E495 /* NLNotice.swift */ = {isa = PBXFileReference; fileEncoding = 4; lastKnownFileType = sourcecode.swift; path = NLNotice.swift; sourceTree = "<group>"; };
		749A7DD91CBA5B5900232104 /* InterestPeopleCell.swift */ = {isa = PBXFileReference; fileEncoding = 4; lastKnownFileType = sourcecode.swift; path = InterestPeopleCell.swift; sourceTree = "<group>"; };
		749A7DDB1CBA5B6600232104 /* InterestCircleCell.swift */ = {isa = PBXFileReference; fileEncoding = 4; lastKnownFileType = sourcecode.swift; path = InterestCircleCell.swift; sourceTree = "<group>"; };
		74D0AC581CBC8F8C00126706 /* InviteInfCell.swift */ = {isa = PBXFileReference; fileEncoding = 4; lastKnownFileType = sourcecode.swift; path = InviteInfCell.swift; sourceTree = "<group>"; };
		74D0AC5A1CBC8FA900126706 /* MyFollowCell.swift */ = {isa = PBXFileReference; fileEncoding = 4; lastKnownFileType = sourcecode.swift; path = MyFollowCell.swift; sourceTree = "<group>"; };
		74D0AC5E1CBC8FF300126706 /* LikeCell.swift */ = {isa = PBXFileReference; fileEncoding = 4; lastKnownFileType = sourcecode.swift; path = LikeCell.swift; sourceTree = "<group>"; };
		74D0AC601CBCD40900126706 /* InviteInfViewController.swift */ = {isa = PBXFileReference; fileEncoding = 4; lastKnownFileType = sourcecode.swift; path = InviteInfViewController.swift; sourceTree = "<group>"; };
		74D0AC621CBCD41500126706 /* MyFollowViewController.swift */ = {isa = PBXFileReference; fileEncoding = 4; lastKnownFileType = sourcecode.swift; path = MyFollowViewController.swift; sourceTree = "<group>"; };
		74D0AC641CBCD48F00126706 /* LikeViewController.swift */ = {isa = PBXFileReference; fileEncoding = 4; lastKnownFileType = sourcecode.swift; path = LikeViewController.swift; sourceTree = "<group>"; };
		74D0AD1A1CC4DE6400126706 /* UIView+Extension.swift */ = {isa = PBXFileReference; fileEncoding = 4; lastKnownFileType = sourcecode.swift; path = "UIView+Extension.swift"; sourceTree = "<group>"; };
		74D0AD1D1CC4E89F00126706 /* NLConfig.swift */ = {isa = PBXFileReference; fileEncoding = 4; lastKnownFileType = sourcecode.swift; path = NLConfig.swift; sourceTree = "<group>"; };
		74DD0F8F1CE3378500A04BF0 /* NLUserDefaults.swift */ = {isa = PBXFileReference; fileEncoding = 4; lastKnownFileType = sourcecode.swift; path = NLUserDefaults.swift; sourceTree = "<group>"; };
		74DD0F911CE33BEF00A04BF0 /* NLApi+Extension.swift */ = {isa = PBXFileReference; fileEncoding = 4; lastKnownFileType = sourcecode.swift; path = "NLApi+Extension.swift"; sourceTree = "<group>"; };
		74DD0F971CE4778000A04BF0 /* NLApi.swift */ = {isa = PBXFileReference; fileEncoding = 4; lastKnownFileType = sourcecode.swift; path = NLApi.swift; sourceTree = "<group>"; };
		74DD0F991CE48E7800A04BF0 /* PublishTextField.swift */ = {isa = PBXFileReference; fileEncoding = 4; lastKnownFileType = sourcecode.swift; path = PublishTextField.swift; sourceTree = "<group>"; };
		74FE817E1CA8C465000A2984 /* Enum.swift */ = {isa = PBXFileReference; fileEncoding = 4; lastKnownFileType = sourcecode.swift; path = Enum.swift; sourceTree = "<group>"; };
		8CBE9004DC8605F76779DBA9 /* Pods-NotLonely-iOS.debug.xcconfig */ = {isa = PBXFileReference; includeInIndex = 1; lastKnownFileType = text.xcconfig; name = "Pods-NotLonely-iOS.debug.xcconfig"; path = "Pods/Target Support Files/Pods-NotLonely-iOS/Pods-NotLonely-iOS.debug.xcconfig"; sourceTree = "<group>"; };
		C66C84083F84EFD3F494BFA9 /* Pods_NotLonely_iOS.framework */ = {isa = PBXFileReference; explicitFileType = wrapper.framework; includeInIndex = 0; path = Pods_NotLonely_iOS.framework; sourceTree = BUILT_PRODUCTS_DIR; };
		CB9942B6C5D01CCEDC468BF3 /* Pods.debug.xcconfig */ = {isa = PBXFileReference; includeInIndex = 1; lastKnownFileType = text.xcconfig; name = Pods.debug.xcconfig; path = "Pods/Target Support Files/Pods/Pods.debug.xcconfig"; sourceTree = "<group>"; };
		CE6B5FC692CCFC17397733F1 /* Pods.framework */ = {isa = PBXFileReference; explicitFileType = wrapper.framework; includeInIndex = 0; path = Pods.framework; sourceTree = BUILT_PRODUCTS_DIR; };
/* End PBXFileReference section */

/* Begin PBXFrameworksBuildPhase section */
		740B00E51C9191F000E6ABD0 /* Frameworks */ = {
			isa = PBXFrameworksBuildPhase;
			buildActionMask = 2147483647;
			files = (
				77D0F8302E66261469018050 /* Pods.framework in Frameworks */,
				FD7924F453CC69D39A4BD405 /* Pods_NotLonely_iOS.framework in Frameworks */,
			);
			runOnlyForDeploymentPostprocessing = 0;
		};
		740B00F91C9191F000E6ABD0 /* Frameworks */ = {
			isa = PBXFrameworksBuildPhase;
			buildActionMask = 2147483647;
			files = (
			);
			runOnlyForDeploymentPostprocessing = 0;
		};
		740B01041C9191F000E6ABD0 /* Frameworks */ = {
			isa = PBXFrameworksBuildPhase;
			buildActionMask = 2147483647;
			files = (
			);
			runOnlyForDeploymentPostprocessing = 0;
		};
/* End PBXFrameworksBuildPhase section */

/* Begin PBXGroup section */
		31E15C5F00320C5812C186C8 /* Frameworks */ = {
			isa = PBXGroup;
			children = (
				CE6B5FC692CCFC17397733F1 /* Pods.framework */,
				C66C84083F84EFD3F494BFA9 /* Pods_NotLonely_iOS.framework */,
			);
			name = Frameworks;
			sourceTree = "<group>";
		};
		740645111CA28D5600FCC873 /* ViewController */ = {
			isa = PBXGroup;
			children = (
				74163C981CA2B306009BBCE5 /* Base */,
				7406451A1CA292F900FCC873 /* Navi */,
				74163CC81CA7A5E6009BBCE5 /* Login */,
				74163CC11CA78A87009BBCE5 /* Example */,
				74163CA81CA3DD82009BBCE5 /* Home */,
				74163CA91CA3DD82009BBCE5 /* Publish */,
				740645151CA2918800FCC873 /* Find */,
				740645171CA2918800FCC873 /* Msg */,
				740645181CA2918800FCC873 /* My */,
				740645121CA28D6E00FCC873 /* TabBar */,
			);
			path = ViewController;
			sourceTree = "<group>";
		};
		740645121CA28D6E00FCC873 /* TabBar */ = {
			isa = PBXGroup;
			children = (
				74333ABF1CB0C7E000FE2099 /* NLTabBarController.swift */,
			);
			path = TabBar;
			sourceTree = "<group>";
		};
		740645151CA2918800FCC873 /* Find */ = {
			isa = PBXGroup;
			children = (
				74163CB01CA3DDE6009BBCE5 /* Find.storyboard */,
				74163CB81CA3DE18009BBCE5 /* FindViewController.swift */,
			);
			path = Find;
			sourceTree = "<group>";
		};
		740645171CA2918800FCC873 /* Msg */ = {
			isa = PBXGroup;
			children = (
				74163CB21CA3DDEC009BBCE5 /* Msg.storyboard */,
				74163CBA1CA3DE1E009BBCE5 /* MsgViewController.swift */,
				74D0AC601CBCD40900126706 /* InviteInfViewController.swift */,
				74D0AC621CBCD41500126706 /* MyFollowViewController.swift */,
				74D0AC641CBCD48F00126706 /* LikeViewController.swift */,
			);
			path = Msg;
			sourceTree = "<group>";
		};
		740645181CA2918800FCC873 /* My */ = {
			isa = PBXGroup;
			children = (
				74163CB41CA3DDF1009BBCE5 /* My.storyboard */,
				74163CBC1CA3DE25009BBCE5 /* MyViewController.swift */,
				227CB7CB1CE9AC4E0045B1CF /* ConfigureTableViewController.swift */,
				227CB7CD1CE9AC7B0045B1CF /* EditViewController.swift */,
				227CB7CF1CE9ACAA0045B1CF /* ImagePickerViewController.swift */,
				227CB7D11CE9B1230045B1CF /* UserInfo.swift */,
			);
			path = My;
			sourceTree = "<group>";
		};
		7406451A1CA292F900FCC873 /* Navi */ = {
			isa = PBXGroup;
			children = (
				74333AD31CB400EC00FE2099 /* NLNavigationController.swift */,
			);
			path = Navi;
			sourceTree = "<group>";
		};
		740B00DF1C9191F000E6ABD0 = {
			isa = PBXGroup;
			children = (
				740B00EA1C9191F000E6ABD0 /* NotLonely-iOS */,
				740B00FF1C9191F000E6ABD0 /* NotLonely-iOSTests */,
				740B010A1C9191F000E6ABD0 /* NotLonely-iOSUITests */,
				740B00E91C9191F000E6ABD0 /* Products */,
				876313603E92366E6A40F780 /* Pods */,
				31E15C5F00320C5812C186C8 /* Frameworks */,
			);
			sourceTree = "<group>";
		};
		740B00E91C9191F000E6ABD0 /* Products */ = {
			isa = PBXGroup;
			children = (
				740B00E81C9191F000E6ABD0 /* NotLonely-iOS.app */,
				740B00FC1C9191F000E6ABD0 /* NotLonely-iOSTests.xctest */,
				740B01071C9191F000E6ABD0 /* NotLonely-iOSUITests.xctest */,
			);
			name = Products;
			sourceTree = "<group>";
		};
		740B00EA1C9191F000E6ABD0 /* NotLonely-iOS */ = {
			isa = PBXGroup;
			children = (
				7438901D1CD20FD800DB8329 /* Utility */,
				7438901A1CD20DB800DB8329 /* Model */,
				74D0AD1C1CC4E88900126706 /* Configs */,
				74163CD01CA7C078009BBCE5 /* ViewModel */,
				74163CA11CA2B994009BBCE5 /* View */,
				740645111CA28D5600FCC873 /* ViewController */,
				740B015C1C955B4200E6ABD0 /* extension */,
				740B015D1C955B4200E6ABD0 /* network */,
				740B00EB1C9191F000E6ABD0 /* AppDelegate.swift */,
				740B00ED1C9191F000E6ABD0 /* ViewController.swift */,
				740B00EF1C9191F000E6ABD0 /* Main.storyboard */,
				740B00F21C9191F000E6ABD0 /* Assets.xcassets */,
				740B00F41C9191F000E6ABD0 /* LaunchScreen.storyboard */,
				740B00F71C9191F000E6ABD0 /* Info.plist */,
				74163CCA1CA7A66F009BBCE5 /* Intro.storyboard */,
				7477128A1CE0970100B1E495 /* NotLonely-Bridging-Header.h */,
			);
			path = "NotLonely-iOS";
			sourceTree = "<group>";
		};
		740B00FF1C9191F000E6ABD0 /* NotLonely-iOSTests */ = {
			isa = PBXGroup;
			children = (
				740B01001C9191F000E6ABD0 /* NotLonely_iOSTests.swift */,
				740B01021C9191F000E6ABD0 /* Info.plist */,
			);
			path = "NotLonely-iOSTests";
			sourceTree = "<group>";
		};
		740B010A1C9191F000E6ABD0 /* NotLonely-iOSUITests */ = {
			isa = PBXGroup;
			children = (
				740B010B1C9191F000E6ABD0 /* NotLonely_iOSUITests.swift */,
				740B010D1C9191F000E6ABD0 /* Info.plist */,
			);
			path = "NotLonely-iOSUITests";
			sourceTree = "<group>";
		};
		740B015C1C955B4200E6ABD0 /* extension */ = {
			isa = PBXGroup;
			children = (
				74D0AD1A1CC4DE6400126706 /* UIView+Extension.swift */,
				741975751C996BFB00CDC5B1 /* NSObject+Common.swift */,
				741975771C99895300CDC5B1 /* String+Extension.swift */,
				74333AB91CB0C68000FE2099 /* CALayer+Extension.swift */,
				74333ABB1CB0C77600FE2099 /* UIColor+NL.swift */,
				74333AC51CB1373E00FE2099 /* UIViewController+Extension.swift */,
				74333ACB1CB23DA200FE2099 /* UINavigationBar+Extension.swift */,
				74DD0F911CE33BEF00A04BF0 /* NLApi+Extension.swift */,
			);
			path = extension;
			sourceTree = "<group>";
		};
		740B015D1C955B4200E6ABD0 /* network */ = {
			isa = PBXGroup;
			children = (
				740B01651C9565E900E6ABD0 /* NNUrl.swift */,
				740B01671C9566A100E6ABD0 /* NNNetWork.swift */,
			);
			path = network;
			sourceTree = "<group>";
		};
		74163C981CA2B306009BBCE5 /* Base */ = {
			isa = PBXGroup;
			children = (
				74163C991CA2B311009BBCE5 /* SegueViewController.swift */,
				74163C9B1CA2B336009BBCE5 /* BaseViewController.swift */,
			);
			path = Base;
			sourceTree = "<group>";
		};
		74163CA11CA2B994009BBCE5 /* View */ = {
			isa = PBXGroup;
			children = (
				743890151CD20D9C00DB8329 /* PageViewController */,
				74333AD91CB51C5B00FE2099 /* Cell */,
				74333ABD1CB0C7A100FE2099 /* NLTabBar.swift */,
				74333AC11CB0DBD300FE2099 /* InputTextField.swift */,
				74DD0F991CE48E7800A04BF0 /* PublishTextField.swift */,
			);
			path = View;
			sourceTree = "<group>";
		};
		74163CA81CA3DD82009BBCE5 /* Home */ = {
			isa = PBXGroup;
			children = (
				74163CAA1CA3DDA6009BBCE5 /* HomeViewController.swift */,
				74333AD11CB3CEE300FE2099 /* Home.storyboard */,
				74333AD51CB5166500FE2099 /* ActivityViewController.swift */,
				74651D0B1CBA04F9001125AB /* ActivityDetailViewController.swift */,
				74333AD71CB5167C00FE2099 /* CircleViewController.swift */,
				74651D0D1CBA050C001125AB /* CircleDetailViewController.swift */,
			);
			path = Home;
			sourceTree = "<group>";
		};
		74163CA91CA3DD82009BBCE5 /* Publish */ = {
			isa = PBXGroup;
			children = (
				74163CAE1CA3DDDF009BBCE5 /* Publish.storyboard */,
				74163CB61CA3DE02009BBCE5 /* PublishViewController.swift */,
			);
			path = Publish;
			sourceTree = "<group>";
		};
		74163CC11CA78A87009BBCE5 /* Example */ = {
			isa = PBXGroup;
			children = (
				74163CC41CA78AAD009BBCE5 /* Example.storyboard */,
				74163CCE1CA7BD85009BBCE5 /* ExampleTableViewController.swift */,
				74163CC21CA78A94009BBCE5 /* ExampleViewController.swift */,
				74163CD31CA7C0B0009BBCE5 /* ExampleViewModel.swift */,
				74FE817E1CA8C465000A2984 /* Enum.swift */,
				74002CBD1CAD5DD70065D5EB /* Zhihu.swift */,
			);
			path = Example;
			sourceTree = "<group>";
		};
		74163CC81CA7A5E6009BBCE5 /* Login */ = {
			isa = PBXGroup;
			children = (
				74002CC01CAEA91F0065D5EB /* LoginViewController.swift */,
				74002CC21CAEA9640065D5EB /* Login.storyboard */,
				743890081CD0AF5D00DB8329 /* RegisterViewController.swift */,
			);
			path = Login;
			sourceTree = "<group>";
		};
		74163CD01CA7C078009BBCE5 /* ViewModel */ = {
			isa = PBXGroup;
			children = (
				7477128F1CE0995500B1E495 /* Implementations.swift */,
				7477128B1CE0983700B1E495 /* Protocol.swift */,
				7438900E1CD20C9400DB8329 /* Login */,
				74163CD11CA7C086009BBCE5 /* NNViewModel.swift */,
				74DD0F971CE4778000A04BF0 /* NLApi.swift */,
			);
			path = ViewModel;
			sourceTree = "<group>";
		};
		74333AD91CB51C5B00FE2099 /* Cell */ = {
			isa = PBXGroup;
			children = (
				74333ADA1CB51C7200FE2099 /* ActivityCell.swift */,
				74651D0F1CBA0E1A001125AB /* CircleCell.swift */,
				749A7DD91CBA5B5900232104 /* InterestPeopleCell.swift */,
				749A7DDB1CBA5B6600232104 /* InterestCircleCell.swift */,
				74D0AC581CBC8F8C00126706 /* InviteInfCell.swift */,
				74D0AC5A1CBC8FA900126706 /* MyFollowCell.swift */,
				74D0AC5E1CBC8FF300126706 /* LikeCell.swift */,
			);
			path = Cell;
			sourceTree = "<group>";
		};
		7438900E1CD20C9400DB8329 /* Login */ = {
			isa = PBXGroup;
			children = (
				743890131CD20D2F00DB8329 /* LoginViewModel.swift */,
				747712811CE0904B00B1E495 /* RegisterViewModel.swift */,
			);
			path = Login;
			sourceTree = "<group>";
		};
		743890151CD20D9C00DB8329 /* PageViewController */ = {
			isa = PBXGroup;
			children = (
				743890161CD20D9C00DB8329 /* PageMenuView.swift */,
				743890171CD20D9C00DB8329 /* PageViewController.swift */,
			);
			path = PageViewController;
			sourceTree = "<group>";
		};
		7438901A1CD20DB800DB8329 /* Model */ = {
			isa = PBXGroup;
			children = (
				7438901B1CD20DDC00DB8329 /* LoginModel.swift */,
				7477128D1CE0984400B1E495 /* RegisterModel.swift */,
			);
			path = Model;
			sourceTree = "<group>";
		};
		7438901D1CD20FD800DB8329 /* Utility */ = {
			isa = PBXGroup;
			children = (
				7438901E1CD20FE400DB8329 /* NLLog.swift */,
				747712911CE1D28D00B1E495 /* NLNotice.swift */,
			);
			path = Utility;
			sourceTree = "<group>";
		};
		74D0AD1C1CC4E88900126706 /* Configs */ = {
			isa = PBXGroup;
			children = (
				74D0AD1D1CC4E89F00126706 /* NLConfig.swift */,
				74DD0F8F1CE3378500A04BF0 /* NLUserDefaults.swift */,
			);
			path = Configs;
			sourceTree = "<group>";
		};
		876313603E92366E6A40F780 /* Pods */ = {
			isa = PBXGroup;
			children = (
				CB9942B6C5D01CCEDC468BF3 /* Pods.debug.xcconfig */,
				6B0DDC2552A2B031343A6E5D /* Pods.release.xcconfig */,
				8CBE9004DC8605F76779DBA9 /* Pods-NotLonely-iOS.debug.xcconfig */,
				6B88001402391CB561C4B13A /* Pods-NotLonely-iOS.release.xcconfig */,
			);
			name = Pods;
			sourceTree = "<group>";
		};
/* End PBXGroup section */

/* Begin PBXNativeTarget section */
		740B00E71C9191F000E6ABD0 /* NotLonely-iOS */ = {
			isa = PBXNativeTarget;
			buildConfigurationList = 740B01101C9191F000E6ABD0 /* Build configuration list for PBXNativeTarget "NotLonely-iOS" */;
			buildPhases = (
				E4E58528E01D5A22513BD3E6 /* 📦 Check Pods Manifest.lock */,
				740B00E41C9191F000E6ABD0 /* Sources */,
				740B00E51C9191F000E6ABD0 /* Frameworks */,
				740B00E61C9191F000E6ABD0 /* Resources */,
				5C501E7068D34E4C2D9F885C /* 📦 Embed Pods Frameworks */,
				703A36C5F74455CCED526D33 /* 📦 Copy Pods Resources */,
			);
			buildRules = (
			);
			dependencies = (
			);
			name = "NotLonely-iOS";
			productName = "NotLonely-iOS";
			productReference = 740B00E81C9191F000E6ABD0 /* NotLonely-iOS.app */;
			productType = "com.apple.product-type.application";
		};
		740B00FB1C9191F000E6ABD0 /* NotLonely-iOSTests */ = {
			isa = PBXNativeTarget;
			buildConfigurationList = 740B01131C9191F000E6ABD0 /* Build configuration list for PBXNativeTarget "NotLonely-iOSTests" */;
			buildPhases = (
				740B00F81C9191F000E6ABD0 /* Sources */,
				740B00F91C9191F000E6ABD0 /* Frameworks */,
				740B00FA1C9191F000E6ABD0 /* Resources */,
			);
			buildRules = (
			);
			dependencies = (
				740B00FE1C9191F000E6ABD0 /* PBXTargetDependency */,
			);
			name = "NotLonely-iOSTests";
			productName = "NotLonely-iOSTests";
			productReference = 740B00FC1C9191F000E6ABD0 /* NotLonely-iOSTests.xctest */;
			productType = "com.apple.product-type.bundle.unit-test";
		};
		740B01061C9191F000E6ABD0 /* NotLonely-iOSUITests */ = {
			isa = PBXNativeTarget;
			buildConfigurationList = 740B01161C9191F000E6ABD0 /* Build configuration list for PBXNativeTarget "NotLonely-iOSUITests" */;
			buildPhases = (
				740B01031C9191F000E6ABD0 /* Sources */,
				740B01041C9191F000E6ABD0 /* Frameworks */,
				740B01051C9191F000E6ABD0 /* Resources */,
			);
			buildRules = (
			);
			dependencies = (
				740B01091C9191F000E6ABD0 /* PBXTargetDependency */,
			);
			name = "NotLonely-iOSUITests";
			productName = "NotLonely-iOSUITests";
			productReference = 740B01071C9191F000E6ABD0 /* NotLonely-iOSUITests.xctest */;
			productType = "com.apple.product-type.bundle.ui-testing";
		};
/* End PBXNativeTarget section */

/* Begin PBXProject section */
		740B00E01C9191F000E6ABD0 /* Project object */ = {
			isa = PBXProject;
			attributes = {
				LastSwiftUpdateCheck = 0720;
				LastUpgradeCheck = 0720;
				ORGANIZATIONNAME = cm;
				TargetAttributes = {
					740B00E71C9191F000E6ABD0 = {
						CreatedOnToolsVersion = 7.2;
						DevelopmentTeam = TMXHMJ5NQ8;
					};
					740B00FB1C9191F000E6ABD0 = {
						CreatedOnToolsVersion = 7.2;
						DevelopmentTeam = TMXHMJ5NQ8;
						TestTargetID = 740B00E71C9191F000E6ABD0;
					};
					740B01061C9191F000E6ABD0 = {
						CreatedOnToolsVersion = 7.2;
						DevelopmentTeam = TMXHMJ5NQ8;
						TestTargetID = 740B00E71C9191F000E6ABD0;
					};
				};
			};
			buildConfigurationList = 740B00E31C9191F000E6ABD0 /* Build configuration list for PBXProject "NotLonely-iOS" */;
			compatibilityVersion = "Xcode 3.2";
			developmentRegion = English;
			hasScannedForEncodings = 0;
			knownRegions = (
				en,
				Base,
			);
			mainGroup = 740B00DF1C9191F000E6ABD0;
			productRefGroup = 740B00E91C9191F000E6ABD0 /* Products */;
			projectDirPath = "";
			projectRoot = "";
			targets = (
				740B00E71C9191F000E6ABD0 /* NotLonely-iOS */,
				740B00FB1C9191F000E6ABD0 /* NotLonely-iOSTests */,
				740B01061C9191F000E6ABD0 /* NotLonely-iOSUITests */,
			);
		};
/* End PBXProject section */

/* Begin PBXResourcesBuildPhase section */
		740B00E61C9191F000E6ABD0 /* Resources */ = {
			isa = PBXResourcesBuildPhase;
			buildActionMask = 2147483647;
			files = (
				740B00F61C9191F000E6ABD0 /* LaunchScreen.storyboard in Resources */,
				74333AD21CB3CEE300FE2099 /* Home.storyboard in Resources */,
				74163CB31CA3DDEC009BBCE5 /* Msg.storyboard in Resources */,
				74163CB51CA3DDF1009BBCE5 /* My.storyboard in Resources */,
				740B00F31C9191F000E6ABD0 /* Assets.xcassets in Resources */,
				740B00F11C9191F000E6ABD0 /* Main.storyboard in Resources */,
				74163CAF1CA3DDDF009BBCE5 /* Publish.storyboard in Resources */,
				74163CB11CA3DDE6009BBCE5 /* Find.storyboard in Resources */,
				74163CC51CA78AAD009BBCE5 /* Example.storyboard in Resources */,
				74163CCB1CA7A66F009BBCE5 /* Intro.storyboard in Resources */,
				74002CC31CAEA9640065D5EB /* Login.storyboard in Resources */,
			);
			runOnlyForDeploymentPostprocessing = 0;
		};
		740B00FA1C9191F000E6ABD0 /* Resources */ = {
			isa = PBXResourcesBuildPhase;
			buildActionMask = 2147483647;
			files = (
			);
			runOnlyForDeploymentPostprocessing = 0;
		};
		740B01051C9191F000E6ABD0 /* Resources */ = {
			isa = PBXResourcesBuildPhase;
			buildActionMask = 2147483647;
			files = (
			);
			runOnlyForDeploymentPostprocessing = 0;
		};
/* End PBXResourcesBuildPhase section */

/* Begin PBXShellScriptBuildPhase section */
		5C501E7068D34E4C2D9F885C /* 📦 Embed Pods Frameworks */ = {
			isa = PBXShellScriptBuildPhase;
			buildActionMask = 2147483647;
			files = (
			);
			inputPaths = (
			);
			name = "📦 Embed Pods Frameworks";
			outputPaths = (
			);
			runOnlyForDeploymentPostprocessing = 0;
			shellPath = /bin/sh;
			shellScript = "\"${SRCROOT}/Pods/Target Support Files/Pods-NotLonely-iOS/Pods-NotLonely-iOS-frameworks.sh\"\n";
			showEnvVarsInLog = 0;
		};
		703A36C5F74455CCED526D33 /* 📦 Copy Pods Resources */ = {
			isa = PBXShellScriptBuildPhase;
			buildActionMask = 2147483647;
			files = (
			);
			inputPaths = (
			);
			name = "📦 Copy Pods Resources";
			outputPaths = (
			);
			runOnlyForDeploymentPostprocessing = 0;
			shellPath = /bin/sh;
			shellScript = "\"${SRCROOT}/Pods/Target Support Files/Pods-NotLonely-iOS/Pods-NotLonely-iOS-resources.sh\"\n";
			showEnvVarsInLog = 0;
		};
		E4E58528E01D5A22513BD3E6 /* 📦 Check Pods Manifest.lock */ = {
			isa = PBXShellScriptBuildPhase;
			buildActionMask = 2147483647;
			files = (
			);
			inputPaths = (
			);
			name = "📦 Check Pods Manifest.lock";
			outputPaths = (
			);
			runOnlyForDeploymentPostprocessing = 0;
			shellPath = /bin/sh;
			shellScript = "diff \"${PODS_ROOT}/../Podfile.lock\" \"${PODS_ROOT}/Manifest.lock\" > /dev/null\nif [[ $? != 0 ]] ; then\n    cat << EOM\nerror: The sandbox is not in sync with the Podfile.lock. Run 'pod install' or update your CocoaPods installation.\nEOM\n    exit 1\nfi\n";
			showEnvVarsInLog = 0;
		};
/* End PBXShellScriptBuildPhase section */

/* Begin PBXSourcesBuildPhase section */
		740B00E41C9191F000E6ABD0 /* Sources */ = {
			isa = PBXSourcesBuildPhase;
			buildActionMask = 2147483647;
			files = (
				74DD0F921CE33BEF00A04BF0 /* NLApi+Extension.swift in Sources */,
				74163CCF1CA7BD85009BBCE5 /* ExampleTableViewController.swift in Sources */,
				74333ACC1CB23DA300FE2099 /* UINavigationBar+Extension.swift in Sources */,
				74002CBE1CAD5DD70065D5EB /* Zhihu.swift in Sources */,
				74FE817F1CA8C465000A2984 /* Enum.swift in Sources */,
				7477128C1CE0983700B1E495 /* Protocol.swift in Sources */,
				7477128E1CE0984400B1E495 /* RegisterModel.swift in Sources */,
				74333ABE1CB0C7A100FE2099 /* NLTabBar.swift in Sources */,
				74333AD81CB5167C00FE2099 /* CircleViewController.swift in Sources */,
				74DD0F901CE3378600A04BF0 /* NLUserDefaults.swift in Sources */,
				74D0AC5B1CBC8FA900126706 /* MyFollowCell.swift in Sources */,
				74163C9A1CA2B311009BBCE5 /* SegueViewController.swift in Sources */,
				74163CB91CA3DE18009BBCE5 /* FindViewController.swift in Sources */,
				74163CD21CA7C086009BBCE5 /* NNViewModel.swift in Sources */,
				74163CBD1CA3DE25009BBCE5 /* MyViewController.swift in Sources */,
				74163CC31CA78A94009BBCE5 /* ExampleViewController.swift in Sources */,
				741975781C99895300CDC5B1 /* String+Extension.swift in Sources */,
				74163CB71CA3DE02009BBCE5 /* PublishViewController.swift in Sources */,
				74651D101CBA0E1A001125AB /* CircleCell.swift in Sources */,
				74163CAB1CA3DDA6009BBCE5 /* HomeViewController.swift in Sources */,
				74D0AD1B1CC4DE6400126706 /* UIView+Extension.swift in Sources */,
				74163C9C1CA2B336009BBCE5 /* BaseViewController.swift in Sources */,
				740B00EE1C9191F000E6ABD0 /* ViewController.swift in Sources */,
				74D0AC611CBCD40900126706 /* InviteInfViewController.swift in Sources */,
				7438901C1CD20DDC00DB8329 /* LoginModel.swift in Sources */,
				74D0AC5F1CBC8FF300126706 /* LikeCell.swift in Sources */,
				747712901CE0995500B1E495 /* Implementations.swift in Sources */,
				74333AC61CB1373E00FE2099 /* UIViewController+Extension.swift in Sources */,
				740B00EC1C9191F000E6ABD0 /* AppDelegate.swift in Sources */,
				74333AD61CB5166500FE2099 /* ActivityViewController.swift in Sources */,
				747712921CE1D28D00B1E495 /* NLNotice.swift in Sources */,
				74333AC01CB0C7E000FE2099 /* NLTabBarController.swift in Sources */,
				74163CBB1CA3DE1E009BBCE5 /* MsgViewController.swift in Sources */,
				74333ADB1CB51C7200FE2099 /* ActivityCell.swift in Sources */,
				74D0AC651CBCD48F00126706 /* LikeViewController.swift in Sources */,
				74D0AC591CBC8F8C00126706 /* InviteInfCell.swift in Sources */,
				740B01661C9565E900E6ABD0 /* NNUrl.swift in Sources */,
				227CB7CE1CE9AC7B0045B1CF /* EditViewController.swift in Sources */,
				74D0AC631CBCD41500126706 /* MyFollowViewController.swift in Sources */,
				74333ABA1CB0C68000FE2099 /* CALayer+Extension.swift in Sources */,
				74163CD41CA7C0B0009BBCE5 /* ExampleViewModel.swift in Sources */,
				74D0AD1E1CC4E89F00126706 /* NLConfig.swift in Sources */,
				227CB7CC1CE9AC4E0045B1CF /* ConfigureTableViewController.swift in Sources */,
				749A7DDC1CBA5B6600232104 /* InterestCircleCell.swift in Sources */,
				741975761C996BFB00CDC5B1 /* NSObject+Common.swift in Sources */,
				74333AD41CB400EC00FE2099 /* NLNavigationController.swift in Sources */,
				74DD0F981CE4778000A04BF0 /* NLApi.swift in Sources */,
				743890091CD0AF5D00DB8329 /* RegisterViewController.swift in Sources */,
				74651D0E1CBA050C001125AB /* CircleDetailViewController.swift in Sources */,
				743890191CD20D9C00DB8329 /* PageViewController.swift in Sources */,
				74651D0C1CBA04F9001125AB /* ActivityDetailViewController.swift in Sources */,
				743890141CD20D2F00DB8329 /* LoginViewModel.swift in Sources */,
				74DD0F9A1CE48E7800A04BF0 /* PublishTextField.swift in Sources */,
				743890181CD20D9C00DB8329 /* PageMenuView.swift in Sources */,
				7438901F1CD20FE400DB8329 /* NLLog.swift in Sources */,
				74333ABC1CB0C77600FE2099 /* UIColor+NL.swift in Sources */,
				227CB7D01CE9ACAA0045B1CF /* ImagePickerViewController.swift in Sources */,
				749A7DDA1CBA5B5900232104 /* InterestPeopleCell.swift in Sources */,
				74333AC21CB0DBD300FE2099 /* InputTextField.swift in Sources */,
				747712821CE0904B00B1E495 /* RegisterViewModel.swift in Sources */,
				74002CC11CAEA91F0065D5EB /* LoginViewController.swift in Sources */,
				227CB7D21CE9B1230045B1CF /* UserInfo.swift in Sources */,
				740B01681C9566A100E6ABD0 /* NNNetWork.swift in Sources */,
			);
			runOnlyForDeploymentPostprocessing = 0;
		};
		740B00F81C9191F000E6ABD0 /* Sources */ = {
			isa = PBXSourcesBuildPhase;
			buildActionMask = 2147483647;
			files = (
				740B01011C9191F000E6ABD0 /* NotLonely_iOSTests.swift in Sources */,
			);
			runOnlyForDeploymentPostprocessing = 0;
		};
		740B01031C9191F000E6ABD0 /* Sources */ = {
			isa = PBXSourcesBuildPhase;
			buildActionMask = 2147483647;
			files = (
				740B010C1C9191F000E6ABD0 /* NotLonely_iOSUITests.swift in Sources */,
			);
			runOnlyForDeploymentPostprocessing = 0;
		};
/* End PBXSourcesBuildPhase section */

/* Begin PBXTargetDependency section */
		740B00FE1C9191F000E6ABD0 /* PBXTargetDependency */ = {
			isa = PBXTargetDependency;
			target = 740B00E71C9191F000E6ABD0 /* NotLonely-iOS */;
			targetProxy = 740B00FD1C9191F000E6ABD0 /* PBXContainerItemProxy */;
		};
		740B01091C9191F000E6ABD0 /* PBXTargetDependency */ = {
			isa = PBXTargetDependency;
			target = 740B00E71C9191F000E6ABD0 /* NotLonely-iOS */;
			targetProxy = 740B01081C9191F000E6ABD0 /* PBXContainerItemProxy */;
		};
/* End PBXTargetDependency section */

/* Begin PBXVariantGroup section */
		740B00EF1C9191F000E6ABD0 /* Main.storyboard */ = {
			isa = PBXVariantGroup;
			children = (
				740B00F01C9191F000E6ABD0 /* Base */,
			);
			name = Main.storyboard;
			sourceTree = "<group>";
		};
		740B00F41C9191F000E6ABD0 /* LaunchScreen.storyboard */ = {
			isa = PBXVariantGroup;
			children = (
				740B00F51C9191F000E6ABD0 /* Base */,
			);
			name = LaunchScreen.storyboard;
			sourceTree = "<group>";
		};
/* End PBXVariantGroup section */

/* Begin XCBuildConfiguration section */
		740B010E1C9191F000E6ABD0 /* Debug */ = {
			isa = XCBuildConfiguration;
			buildSettings = {
				ALWAYS_SEARCH_USER_PATHS = NO;
				CLANG_CXX_LANGUAGE_STANDARD = "gnu++0x";
				CLANG_CXX_LIBRARY = "libc++";
				CLANG_ENABLE_MODULES = YES;
				CLANG_ENABLE_OBJC_ARC = YES;
				CLANG_WARN_BOOL_CONVERSION = YES;
				CLANG_WARN_CONSTANT_CONVERSION = YES;
				CLANG_WARN_DIRECT_OBJC_ISA_USAGE = YES_ERROR;
				CLANG_WARN_EMPTY_BODY = YES;
				CLANG_WARN_ENUM_CONVERSION = YES;
				CLANG_WARN_INT_CONVERSION = YES;
				CLANG_WARN_OBJC_ROOT_CLASS = YES_ERROR;
				CLANG_WARN_UNREACHABLE_CODE = YES;
				CLANG_WARN__DUPLICATE_METHOD_MATCH = YES;
				"CODE_SIGN_IDENTITY[sdk=iphoneos*]" = "iPhone Developer";
				COPY_PHASE_STRIP = NO;
				DEBUG_INFORMATION_FORMAT = dwarf;
				ENABLE_STRICT_OBJC_MSGSEND = YES;
				ENABLE_TESTABILITY = YES;
				GCC_C_LANGUAGE_STANDARD = gnu99;
				GCC_DYNAMIC_NO_PIC = NO;
				GCC_NO_COMMON_BLOCKS = YES;
				GCC_OPTIMIZATION_LEVEL = 0;
				GCC_PREPROCESSOR_DEFINITIONS = (
					"DEBUG=1",
					"$(inherited)",
				);
				GCC_WARN_64_TO_32_BIT_CONVERSION = YES;
				GCC_WARN_ABOUT_RETURN_TYPE = YES_ERROR;
				GCC_WARN_UNDECLARED_SELECTOR = YES;
				GCC_WARN_UNINITIALIZED_AUTOS = YES_AGGRESSIVE;
				GCC_WARN_UNUSED_FUNCTION = YES;
				GCC_WARN_UNUSED_VARIABLE = YES;
				IPHONEOS_DEPLOYMENT_TARGET = 9.2;
				MTL_ENABLE_DEBUG_INFO = YES;
				ONLY_ACTIVE_ARCH = YES;
				OTHER_SWIFT_FLAGS = "-DDEBUG";
				SDKROOT = iphoneos;
				SWIFT_OPTIMIZATION_LEVEL = "-Onone";
			};
			name = Debug;
		};
		740B010F1C9191F000E6ABD0 /* Release */ = {
			isa = XCBuildConfiguration;
			buildSettings = {
				ALWAYS_SEARCH_USER_PATHS = NO;
				CLANG_CXX_LANGUAGE_STANDARD = "gnu++0x";
				CLANG_CXX_LIBRARY = "libc++";
				CLANG_ENABLE_MODULES = YES;
				CLANG_ENABLE_OBJC_ARC = YES;
				CLANG_WARN_BOOL_CONVERSION = YES;
				CLANG_WARN_CONSTANT_CONVERSION = YES;
				CLANG_WARN_DIRECT_OBJC_ISA_USAGE = YES_ERROR;
				CLANG_WARN_EMPTY_BODY = YES;
				CLANG_WARN_ENUM_CONVERSION = YES;
				CLANG_WARN_INT_CONVERSION = YES;
				CLANG_WARN_OBJC_ROOT_CLASS = YES_ERROR;
				CLANG_WARN_UNREACHABLE_CODE = YES;
				CLANG_WARN__DUPLICATE_METHOD_MATCH = YES;
				"CODE_SIGN_IDENTITY[sdk=iphoneos*]" = "iPhone Developer";
				COPY_PHASE_STRIP = NO;
				DEBUG_INFORMATION_FORMAT = "dwarf-with-dsym";
				ENABLE_NS_ASSERTIONS = NO;
				ENABLE_STRICT_OBJC_MSGSEND = YES;
				GCC_C_LANGUAGE_STANDARD = gnu99;
				GCC_NO_COMMON_BLOCKS = YES;
				GCC_WARN_64_TO_32_BIT_CONVERSION = YES;
				GCC_WARN_ABOUT_RETURN_TYPE = YES_ERROR;
				GCC_WARN_UNDECLARED_SELECTOR = YES;
				GCC_WARN_UNINITIALIZED_AUTOS = YES_AGGRESSIVE;
				GCC_WARN_UNUSED_FUNCTION = YES;
				GCC_WARN_UNUSED_VARIABLE = YES;
				IPHONEOS_DEPLOYMENT_TARGET = 9.2;
				MTL_ENABLE_DEBUG_INFO = NO;
				OTHER_SWIFT_FLAGS = "";
				SDKROOT = iphoneos;
				VALIDATE_PRODUCT = YES;
			};
			name = Release;
		};
		740B01111C9191F000E6ABD0 /* Debug */ = {
			isa = XCBuildConfiguration;
			baseConfigurationReference = 8CBE9004DC8605F76779DBA9 /* Pods-NotLonely-iOS.debug.xcconfig */;
			buildSettings = {
				ASSETCATALOG_COMPILER_APPICON_NAME = AppIcon;
				INFOPLIST_FILE = "NotLonely-iOS/Info.plist";
				IPHONEOS_DEPLOYMENT_TARGET = 8.0;
				LD_RUNPATH_SEARCH_PATHS = "$(inherited) @executable_path/Frameworks";
				PRODUCT_BUNDLE_IDENTIFIER = "cm.NotLonely-iOS";
				PRODUCT_NAME = "$(TARGET_NAME)";
				SWIFT_OBJC_BRIDGING_HEADER = "$(PROJECT_DIR)/NotLonely-iOS/NotLonely-Bridging-Header.h";
			};
			name = Debug;
		};
		740B01121C9191F000E6ABD0 /* Release */ = {
			isa = XCBuildConfiguration;
			baseConfigurationReference = 6B88001402391CB561C4B13A /* Pods-NotLonely-iOS.release.xcconfig */;
			buildSettings = {
				ASSETCATALOG_COMPILER_APPICON_NAME = AppIcon;
				INFOPLIST_FILE = "NotLonely-iOS/Info.plist";
				IPHONEOS_DEPLOYMENT_TARGET = 8.0;
				LD_RUNPATH_SEARCH_PATHS = "$(inherited) @executable_path/Frameworks";
				PRODUCT_BUNDLE_IDENTIFIER = "cm.NotLonely-iOS";
				PRODUCT_NAME = "$(TARGET_NAME)";
				SWIFT_OBJC_BRIDGING_HEADER = "$(PROJECT_DIR)/NotLonely-iOS/NotLonely-Bridging-Header.h";
			};
			name = Release;
		};
		740B01141C9191F000E6ABD0 /* Debug */ = {
			isa = XCBuildConfiguration;
			buildSettings = {
				BUNDLE_LOADER = "$(TEST_HOST)";
				INFOPLIST_FILE = "NotLonely-iOSTests/Info.plist";
				LD_RUNPATH_SEARCH_PATHS = "$(inherited) @executable_path/Frameworks @loader_path/Frameworks";
				PRODUCT_BUNDLE_IDENTIFIER = "cm.NotLonely-iOSTests";
				PRODUCT_NAME = "$(TARGET_NAME)";
				TEST_HOST = "$(BUILT_PRODUCTS_DIR)/NotLonely-iOS.app/NotLonely-iOS";
			};
			name = Debug;
		};
		740B01151C9191F000E6ABD0 /* Release */ = {
			isa = XCBuildConfiguration;
			buildSettings = {
				BUNDLE_LOADER = "$(TEST_HOST)";
				INFOPLIST_FILE = "NotLonely-iOSTests/Info.plist";
				LD_RUNPATH_SEARCH_PATHS = "$(inherited) @executable_path/Frameworks @loader_path/Frameworks";
				PRODUCT_BUNDLE_IDENTIFIER = "cm.NotLonely-iOSTests";
				PRODUCT_NAME = "$(TARGET_NAME)";
				TEST_HOST = "$(BUILT_PRODUCTS_DIR)/NotLonely-iOS.app/NotLonely-iOS";
			};
			name = Release;
		};
		740B01171C9191F000E6ABD0 /* Debug */ = {
			isa = XCBuildConfiguration;
			buildSettings = {
				INFOPLIST_FILE = "NotLonely-iOSUITests/Info.plist";
				LD_RUNPATH_SEARCH_PATHS = "$(inherited) @executable_path/Frameworks @loader_path/Frameworks";
				PRODUCT_BUNDLE_IDENTIFIER = "cm.NotLonely-iOSUITests";
				PRODUCT_NAME = "$(TARGET_NAME)";
				TEST_TARGET_NAME = "NotLonely-iOS";
				USES_XCTRUNNER = YES;
			};
			name = Debug;
		};
		740B01181C9191F000E6ABD0 /* Release */ = {
			isa = XCBuildConfiguration;
			buildSettings = {
				INFOPLIST_FILE = "NotLonely-iOSUITests/Info.plist";
				LD_RUNPATH_SEARCH_PATHS = "$(inherited) @executable_path/Frameworks @loader_path/Frameworks";
				PRODUCT_BUNDLE_IDENTIFIER = "cm.NotLonely-iOSUITests";
				PRODUCT_NAME = "$(TARGET_NAME)";
				TEST_TARGET_NAME = "NotLonely-iOS";
				USES_XCTRUNNER = YES;
			};
			name = Release;
		};
/* End XCBuildConfiguration section */

/* Begin XCConfigurationList section */
		740B00E31C9191F000E6ABD0 /* Build configuration list for PBXProject "NotLonely-iOS" */ = {
			isa = XCConfigurationList;
			buildConfigurations = (
				740B010E1C9191F000E6ABD0 /* Debug */,
				740B010F1C9191F000E6ABD0 /* Release */,
			);
			defaultConfigurationIsVisible = 0;
			defaultConfigurationName = Release;
		};
		740B01101C9191F000E6ABD0 /* Build configuration list for PBXNativeTarget "NotLonely-iOS" */ = {
			isa = XCConfigurationList;
			buildConfigurations = (
				740B01111C9191F000E6ABD0 /* Debug */,
				740B01121C9191F000E6ABD0 /* Release */,
			);
			defaultConfigurationIsVisible = 0;
			defaultConfigurationName = Release;
		};
		740B01131C9191F000E6ABD0 /* Build configuration list for PBXNativeTarget "NotLonely-iOSTests" */ = {
			isa = XCConfigurationList;
			buildConfigurations = (
				740B01141C9191F000E6ABD0 /* Debug */,
				740B01151C9191F000E6ABD0 /* Release */,
			);
			defaultConfigurationIsVisible = 0;
			defaultConfigurationName = Release;
		};
		740B01161C9191F000E6ABD0 /* Build configuration list for PBXNativeTarget "NotLonely-iOSUITests" */ = {
			isa = XCConfigurationList;
			buildConfigurations = (
				740B01171C9191F000E6ABD0 /* Debug */,
				740B01181C9191F000E6ABD0 /* Release */,
			);
			defaultConfigurationIsVisible = 0;
			defaultConfigurationName = Release;
		};
/* End XCConfigurationList section */
	};
	rootObject = 740B00E01C9191F000E6ABD0 /* Project object */;
}
